
Microsoft Visual Studio Solution File, Format Version 12.00
# Visual Studio 2012
Project("{FAE04EC0-301F-11D3-BF4B-00C04F79EFBC}") = "PuppetMasterKit.UnitTest", "PuppetMasterKit.UnitTest\PuppetMasterKit.UnitTest.csproj", "{1C988740-B8CC-421A-ADCF-F2A103394DAE}"
EndProject
Project("{FAE04EC0-301F-11D3-BF4B-00C04F79EFBC}") = "PuppetMasterKit.Utility", "PuppetMasterKit.Utility\PuppetMasterKit.Utility.csproj", "{F3270C94-52FB-4C33-9640-93F991A67BB0}"
EndProject
Project("{FAE04EC0-301F-11D3-BF4B-00C04F79EFBC}") = "PuppetMasterKit.Graphics", "PuppetMasterKit.Graphics.Geometry\PuppetMasterKit.Graphics.csproj", "{45B21CFE-ACDA-4934-8DF7-605195503007}"
EndProject
Project("{FAE04EC0-301F-11D3-BF4B-00C04F79EFBC}") = "PuppetMasterKit.AI", "PuppetMasterKit.AI\PuppetMasterKit.AI.csproj", "{5693F719-6696-4B36-A83C-5A54E1E5702C}"
EndProject
Project("{FAE04EC0-301F-11D3-BF4B-00C04F79EFBC}") = "PuppetMasterKit.Template", "PuppetMasterKit.Template\PuppetMasterKit.Template.csproj", "{D5190088-D723-4DC5-AE96-2E50C9718550}"
EndProject
Project("{FAE04EC0-301F-11D3-BF4B-00C04F79EFBC}") = "PuppetMasterKit.Ios.Isometric", "PuppetMasterKit.Ios.Isometric\PuppetMasterKit.Ios.Isometric.csproj", "{34896846-E1E4-47CB-AC4B-8B28A8057292}"
EndProject
Project("{FAE04EC0-301F-11D3-BF4B-00C04F79EFBC}") = "PuppetMasterKit.Terrain", "PuppetMasterKit.Terrain\PuppetMasterKit.Terrain.csproj", "{015A9DC7-97F3-4C58-8E18-C1C6C48B48E1}"
EndProject
Global
	GlobalSection(SolutionConfigurationPlatforms) = preSolution
		Debug|iPhoneSimulator = Debug|iPhoneSimulator
		Release|iPhone = Release|iPhone
		Release|iPhoneSimulator = Release|iPhoneSimulator
		Debug|iPhone = Debug|iPhone
	EndGlobalSection
	GlobalSection(ProjectConfigurationPlatforms) = postSolution
		{1C988740-B8CC-421A-ADCF-F2A103394DAE}.Debug|iPhoneSimulator.ActiveCfg = Debug|iPhoneSimulator
		{1C988740-B8CC-421A-ADCF-F2A103394DAE}.Debug|iPhoneSimulator.Build.0 = Debug|iPhoneSimulator
		{1C988740-B8CC-421A-ADCF-F2A103394DAE}.Release|iPhone.ActiveCfg = Release|iPhone
		{1C988740-B8CC-421A-ADCF-F2A103394DAE}.Release|iPhone.Build.0 = Release|iPhone
		{1C988740-B8CC-421A-ADCF-F2A103394DAE}.Release|iPhoneSimulator.ActiveCfg = Release|iPhoneSimulator
		{1C988740-B8CC-421A-ADCF-F2A103394DAE}.Release|iPhoneSimulator.Build.0 = Release|iPhoneSimulator
		{1C988740-B8CC-421A-ADCF-F2A103394DAE}.Debug|iPhone.ActiveCfg = Debug|iPhone
		{1C988740-B8CC-421A-ADCF-F2A103394DAE}.Debug|iPhone.Build.0 = Debug|iPhone
		{F3270C94-52FB-4C33-9640-93F991A67BB0}.Debug|iPhoneSimulator.ActiveCfg = Debug|Any CPU
		{F3270C94-52FB-4C33-9640-93F991A67BB0}.Debug|iPhoneSimulator.Build.0 = Debug|Any CPU
		{F3270C94-52FB-4C33-9640-93F991A67BB0}.Release|iPhone.ActiveCfg = Release|Any CPU
		{F3270C94-52FB-4C33-9640-93F991A67BB0}.Release|iPhone.Build.0 = Release|Any CPU
		{F3270C94-52FB-4C33-9640-93F991A67BB0}.Release|iPhoneSimulator.ActiveCfg = Release|Any CPU
		{F3270C94-52FB-4C33-9640-93F991A67BB0}.Release|iPhoneSimulator.Build.0 = Release|Any CPU
		{F3270C94-52FB-4C33-9640-93F991A67BB0}.Debug|iPhone.ActiveCfg = Debug|Any CPU
		{F3270C94-52FB-4C33-9640-93F991A67BB0}.Debug|iPhone.Build.0 = Debug|Any CPU
		{45B21CFE-ACDA-4934-8DF7-605195503007}.Debug|iPhoneSimulator.ActiveCfg = Debug|Any CPU
		{45B21CFE-ACDA-4934-8DF7-605195503007}.Debug|iPhoneSimulator.Build.0 = Debug|Any CPU
		{45B21CFE-ACDA-4934-8DF7-605195503007}.Release|iPhone.ActiveCfg = Release|Any CPU
		{45B21CFE-ACDA-4934-8DF7-605195503007}.Release|iPhone.Build.0 = Release|Any CPU
		{45B21CFE-ACDA-4934-8DF7-605195503007}.Release|iPhoneSimulator.ActiveCfg = Release|Any CPU
		{45B21CFE-ACDA-4934-8DF7-605195503007}.Release|iPhoneSimulator.Build.0 = Release|Any CPU
		{45B21CFE-ACDA-4934-8DF7-605195503007}.Debug|iPhone.ActiveCfg = Debug|Any CPU
		{45B21CFE-ACDA-4934-8DF7-605195503007}.Debug|iPhone.Build.0 = Debug|Any CPU
		{5693F719-6696-4B36-A83C-5A54E1E5702C}.Debug|iPhoneSimulator.ActiveCfg = Debug|Any CPU
		{5693F719-6696-4B36-A83C-5A54E1E5702C}.Debug|iPhoneSimulator.Build.0 = Debug|Any CPU
		{5693F719-6696-4B36-A83C-5A54E1E5702C}.Release|iPhone.ActiveCfg = Release|Any CPU
		{5693F719-6696-4B36-A83C-5A54E1E5702C}.Release|iPhone.Build.0 = Release|Any CPU
		{5693F719-6696-4B36-A83C-5A54E1E5702C}.Release|iPhoneSimulator.ActiveCfg = Release|Any CPU
		{5693F719-6696-4B36-A83C-5A54E1E5702C}.Release|iPhoneSimulator.Build.0 = Release|Any CPU
		{5693F719-6696-4B36-A83C-5A54E1E5702C}.Debug|iPhone.ActiveCfg = Debug|Any CPU
		{5693F719-6696-4B36-A83C-5A54E1E5702C}.Debug|iPhone.Build.0 = Debug|Any CPU
		{D5190088-D723-4DC5-AE96-2E50C9718550}.Debug|iPhoneSimulator.ActiveCfg = Debug|iPhoneSimulator
		{D5190088-D723-4DC5-AE96-2E50C9718550}.Debug|iPhoneSimulator.Build.0 = Debug|iPhoneSimulator
		{D5190088-D723-4DC5-AE96-2E50C9718550}.Release|iPhone.ActiveCfg = Release|iPhone
		{D5190088-D723-4DC5-AE96-2E50C9718550}.Release|iPhone.Build.0 = Release|iPhone
		{D5190088-D723-4DC5-AE96-2E50C9718550}.Release|iPhoneSimulator.ActiveCfg = Release|iPhoneSimulator
		{D5190088-D723-4DC5-AE96-2E50C9718550}.Release|iPhoneSimulator.Build.0 = Release|iPhoneSimulator
		{D5190088-D723-4DC5-AE96-2E50C9718550}.Debug|iPhone.ActiveCfg = Debug|iPhone
		{D5190088-D723-4DC5-AE96-2E50C9718550}.Debug|iPhone.Build.0 = Debug|iPhone
		{34896846-E1E4-47CB-AC4B-8B28A8057292}.Debug|iPhoneSimulator.ActiveCfg = Debug|Any CPU
		{34896846-E1E4-47CB-AC4B-8B28A8057292}.Debug|iPhoneSimulator.Build.0 = Debug|Any CPU
		{34896846-E1E4-47CB-AC4B-8B28A8057292}.Release|iPhone.ActiveCfg = Release|Any CPU
		{34896846-E1E4-47CB-AC4B-8B28A8057292}.Release|iPhone.Build.0 = Release|Any CPU
		{34896846-E1E4-47CB-AC4B-8B28A8057292}.Release|iPhoneSimulator.ActiveCfg = Release|Any CPU
		{34896846-E1E4-47CB-AC4B-8B28A8057292}.Release|iPhoneSimulator.Build.0 = Release|Any CPU
		{34896846-E1E4-47CB-AC4B-8B28A8057292}.Debug|iPhone.ActiveCfg = Debug|Any CPU
		{34896846-E1E4-47CB-AC4B-8B28A8057292}.Debug|iPhone.Build.0 = Debug|Any CPU
		{015A9DC7-97F3-4C58-8E18-C1C6C48B48E1}.Debug|iPhoneSimulator.ActiveCfg = Debug|Any CPU
		{015A9DC7-97F3-4C58-8E18-C1C6C48B48E1}.Debug|iPhoneSimulator.Build.0 = Debug|Any CPU
		{015A9DC7-97F3-4C58-8E18-C1C6C48B48E1}.Release|iPhone.ActiveCfg = Release|Any CPU
		{015A9DC7-97F3-4C58-8E18-C1C6C48B48E1}.Release|iPhone.Build.0 = Release|Any CPU
		{015A9DC7-97F3-4C58-8E18-C1C6C48B48E1}.Release|iPhoneSimulator.ActiveCfg = Release|Any CPU
		{015A9DC7-97F3-4C58-8E18-C1C6C48B48E1}.Release|iPhoneSimulator.Build.0 = Release|Any CPU
		{015A9DC7-97F3-4C58-8E18-C1C6C48B48E1}.Debug|iPhone.ActiveCfg = Debug|Any CPU
		{015A9DC7-97F3-4C58-8E18-C1C6C48B48E1}.Debug|iPhone.Build.0 = Debug|Any CPU
	EndGlobalSection
	GlobalSection(NestedProjects) = preSolution
	EndGlobalSection
	GlobalSection(MonoDevelopProperties) = preSolution
		Policies = $0
		$0.TextStylePolicy = $1
		$1.TabWidth = 2
		$1.TabsToSpaces = True
		$1.IndentWidth = 2
		$1.EolMarker = Unix
		$1.scope = text/x-csharp
		$0.CSharpFormattingPolicy = $2
		$2.NewLinesForBracesInProperties = False
		$2.NewLinesForBracesInAccessors = False
		$2.NewLinesForBracesInAnonymousMethods = False
		$2.NewLinesForBracesInControlBlocks = False
		$2.NewLinesForBracesInAnonymousTypes = False
		$2.NewLinesForBracesInObjectCollectionArrayInitializers = False
		$2.NewLinesForBracesInLambdaExpressionBody = False
		$2.NewLineForElse = False
		$2.NewLineForCatch = False
		$2.NewLineForFinally = False
		$2.NewLineForMembersInObjectInit = False
		$2.NewLineForMembersInAnonymousTypes = False
		$2.NewLineForClausesInQuery = False
		$2.scope = text/x-csharp
	EndGlobalSection
EndGlobal
