
Microsoft Visual Studio Solution File, Format Version 12.00
# Visual Studio 2012
Project("{FAE04EC0-301F-11D3-BF4B-00C04F79EFBC}") = "PuppetMasterKit.UnitTest", "PuppetMasterKit.UnitTest\PuppetMasterKit.UnitTest.csproj", "{1C988740-B8CC-421A-ADCF-F2A103394DAE}"
EndProject
Project("{FAE04EC0-301F-11D3-BF4B-00C04F79EFBC}") = "PuppetMasterKit.Geometry", "PuppetMasterKit.Geometry\PuppetMasterKit.Geometry.csproj", "{45B21CFE-ACDA-4934-8DF7-605195503007}"
EndProject
Global
	GlobalSection(SolutionConfigurationPlatforms) = preSolution
		Debug|iPhoneSimulator = Debug|iPhoneSimulator
		Release|iPhone = Release|iPhone
		Release|iPhoneSimulator = Release|iPhoneSimulator
		Debug|iPhone = Debug|iPhone
	EndGlobalSection
	GlobalSection(ProjectConfigurationPlatforms) = postSolution
		{1C988740-B8CC-421A-ADCF-F2A103394DAE}.Debug|iPhoneSimulator.ActiveCfg = Debug|iPhoneSimulator
		{1C988740-B8CC-421A-ADCF-F2A103394DAE}.Debug|iPhoneSimulator.Build.0 = Debug|iPhoneSimulator
		{1C988740-B8CC-421A-ADCF-F2A103394DAE}.Release|iPhone.ActiveCfg = Release|iPhone
		{1C988740-B8CC-421A-ADCF-F2A103394DAE}.Release|iPhone.Build.0 = Release|iPhone
		{1C988740-B8CC-421A-ADCF-F2A103394DAE}.Release|iPhoneSimulator.ActiveCfg = Release|iPhoneSimulator
		{1C988740-B8CC-421A-ADCF-F2A103394DAE}.Release|iPhoneSimulator.Build.0 = Release|iPhoneSimulator
		{1C988740-B8CC-421A-ADCF-F2A103394DAE}.Debug|iPhone.ActiveCfg = Debug|iPhone
		{1C988740-B8CC-421A-ADCF-F2A103394DAE}.Debug|iPhone.Build.0 = Debug|iPhone
		{45B21CFE-ACDA-4934-8DF7-605195503007}.Debug|iPhoneSimulator.ActiveCfg = Debug|Any CPU
		{45B21CFE-ACDA-4934-8DF7-605195503007}.Debug|iPhoneSimulator.Build.0 = Debug|Any CPU
		{45B21CFE-ACDA-4934-8DF7-605195503007}.Release|iPhone.ActiveCfg = Release|Any CPU
		{45B21CFE-ACDA-4934-8DF7-605195503007}.Release|iPhone.Build.0 = Release|Any CPU
		{45B21CFE-ACDA-4934-8DF7-605195503007}.Release|iPhoneSimulator.ActiveCfg = Release|Any CPU
		{45B21CFE-ACDA-4934-8DF7-605195503007}.Release|iPhoneSimulator.Build.0 = Release|Any CPU
		{45B21CFE-ACDA-4934-8DF7-605195503007}.Debug|iPhone.ActiveCfg = Debug|Any CPU
		{45B21CFE-ACDA-4934-8DF7-605195503007}.Debug|iPhone.Build.0 = Debug|Any CPU
	EndGlobalSection
	GlobalSection(NestedProjects) = preSolution
	EndGlobalSection
EndGlobal
